#MicroXplorer Configuration settings - do not modify
Mcu.Family=STM32F1
ProjectManager.MainLocation=Core/Src
NVIC.ADC1_2_IRQn=true\:0\:0\:false\:false\:true\:true\:true
RCC.MCOFreq_Value=64000000
PB10.PinState=GPIO_PIN_SET
PA6.Mode=Full_Duplex_Master
SH.S_TIM4_CH2.ConfNb=1
FATFS._USE_LFN=1
ProjectManager.KeepUserCode=true
PB10.GPIO_Speed=GPIO_SPEED_FREQ_HIGH
Mcu.UserName=STM32F103C8Tx
SPI1.VirtualType=VM_MASTER
SPI2.VirtualType=VM_MASTER
ADC1.ContinuousConvMode=ENABLE
ADC2.Channel-0\#ChannelRegularConversion=ADC_CHANNEL_1
RCC.PLLCLKFreq_Value=64000000
PB2.GPIO_Speed=GPIO_SPEED_FREQ_HIGH
ProjectManager.functionlistsort=1-MX_GPIO_Init-GPIO-false-HAL-true,2-SystemClock_Config-RCC-false-HAL-false,3-MX_ADC1_Init-ADC1-false-HAL-true,4-MX_ADC2_Init-ADC2-false-HAL-true,5-MX_RTC_Init-RTC-false-HAL-true,6-MX_SPI1_Init-SPI1-false-HAL-true,7-MX_TIM4_Init-TIM4-false-HAL-true,8-MX_FATFS_Init-FATFS-false-HAL-false,9-MX_TIM2_Init-TIM2-false-HAL-true,10-MX_SPI2_Init-SPI2-false-HAL-true
NVIC.EXTI3_IRQn=true\:0\:0\:false\:false\:true\:true\:true
VP_RTC_VS_RTC_Activate.Mode=RTC_Enabled
PA3.GPIOParameters=GPIO_Label,GPIO_ModeDefaultEXTI
RCC.ADCFreqValue=8000000
PB0.GPIO_Label=RST
PB13.Signal=SPI2_SCK
PB15.Signal=SPI2_MOSI
PinOutPanel.RotationAngle=0
RCC.SYSCLKSource=RCC_SYSCLKSOURCE_PLLCLK
ProjectManager.StackSize=0x400
PB5.GPIOParameters=GPIO_Label
PD1-OSC_OUT.Signal=RCC_OSC_OUT
NVIC.RTC_IRQn=true\:0\:0\:false\:false\:true\:true\:true
Mcu.IP4=RCC
RCC.FCLKCortexFreq_Value=64000000
Mcu.IP5=RTC
Mcu.IP2=FATFS
NVIC.SVCall_IRQn=true\:0\:0\:false\:false\:true\:false\:false
Mcu.IP3=NVIC
PA15.GPIO_Label=FAN
Mcu.IP0=ADC1
Mcu.IP1=ADC2
SH.GPXTI3.ConfNb=1
Mcu.UserConstants=
PB0.PinState=GPIO_PIN_SET
Mcu.ThirdPartyNb=0
SPI1.Direction=SPI_DIRECTION_2LINES
RCC.HCLKFreq_Value=64000000
Mcu.IPNb=11
TIM2.IPParameters=Channel-PWM Generation1 CH1,Period,ClockDivision
ProjectManager.PreviousToolchain=
RCC.APB2TimFreq_Value=64000000
PB6.Signal=S_TIM4_CH1
PB12.PinState=GPIO_PIN_SET
SPI1.CalculateBaudRate=16.0 MBits/s
TIM2.ClockDivision=TIM_CLOCKDIVISION_DIV1
PA8.GPIOParameters=PinState,GPIO_Label
Mcu.Pin6=PA5
Mcu.Pin7=PA6
Mcu.Pin8=PA7
Mcu.Pin9=PB0
RCC.AHBFreq_Value=64000000
SPI2.BaudRatePrescaler=SPI_BAUDRATEPRESCALER_2
Mcu.Pin0=PD0-OSC_IN
Mcu.Pin1=PD1-OSC_OUT
GPIO.groupedBy=Group By Peripherals
Mcu.Pin2=PA0-WKUP
Mcu.Pin3=PA1
Mcu.Pin4=PA3
PA0-WKUP.GPIOParameters=GPIO_Label
Mcu.Pin5=PA4
ADC1.Channel-0\#ChannelRegularConversion=ADC_CHANNEL_0
ProjectManager.ProjectBuild=false
NVIC.UsageFault_IRQn=true\:0\:0\:false\:false\:true\:false\:false
NVIC.DebugMonitor_IRQn=true\:0\:0\:false\:false\:true\:false\:false
PB2.Signal=GPIO_Output
PB3.Mode=Trace_Asynchronous_SW
PA8.Locked=true
PA4.Locked=true
Mcu.IP10=TIM4
NVIC.SysTick_IRQn=true\:0\:0\:false\:false\:true\:false\:true
RCC.PLLMUL=RCC_PLL_MUL16
PB12.GPIO_Label=SPI_CC
ProjectManager.FirmwarePackage=STM32Cube FW_F1 V1.8.4
MxDb.Version=DB.6.0.21
PB0.GPIOParameters=GPIO_Speed,PinState,GPIO_Label
PA1.GPIOParameters=GPIO_Label
ProjectManager.BackupPrevious=false
PB1.GPIO_Speed=GPIO_SPEED_FREQ_HIGH
PA14.Mode=Trace_Asynchronous_SW
SH.ADCx_IN1.ConfNb=1
PB14.Mode=Full_Duplex_Master
PB1.GPIO_Label=DC
NVIC.TIM2_IRQn=true\:0\:0\:false\:false\:true\:true\:true
File.Version=6
SPI2.CalculateBaudRate=16.0 MBits/s
SH.S_TIM4_CH2.0=TIM4_CH2,Encoder_Interface
PB7.Signal=S_TIM4_CH2
PA8.Signal=GPIO_Output
NVIC.SPI2_IRQn=true\:0\:0\:false\:false\:true\:true\:true
SH.ADCx_IN0.0=ADC1_IN0,IN0
TIM2.Channel-PWM\ Generation1\ CH1=TIM_CHANNEL_1
NVIC.PendSV_IRQn=true\:0\:0\:false\:false\:true\:false\:false
TIM4.Period=19
ProjectManager.HalAssertFull=false
PB0.Locked=true
ADC1.SamplingTime-0\#ChannelRegularConversion=ADC_SAMPLETIME_13CYCLES_5
ProjectManager.ProjectName=F103C8_Electronic_load
RCC.PLLMCOFreq_Value=32000000
Mcu.Package=LQFP48
PB1.Signal=GPIO_Output
PA6.Signal=SPI1_MISO
SPI2.Mode=SPI_MODE_MASTER
VP_FATFS_VS_Generic.Signal=FATFS_VS_Generic
ProjectManager.ToolChainLocation=
VP_SYS_VS_Systick.Signal=SYS_VS_Systick
SH.GPXTI5.ConfNb=1
PA15.Signal=S_TIM2_CH1_ETR
ADC2.SamplingTime-0\#ChannelRegularConversion=ADC_SAMPLETIME_13CYCLES_5
TIM4.IC1Filter=6
SH.ADCx_IN1.0=ADC2_IN1,IN1
PB5.GPIO_Label=ENC_Button
SH.S_TIM4_CH1.0=TIM4_CH1,Encoder_Interface
RCC.APB1TimFreq_Value=64000000
NVIC.BusFault_IRQn=true\:0\:0\:false\:false\:true\:false\:false
SPI2.Direction=SPI_DIRECTION_2LINES
PB10.GPIOParameters=GPIO_Speed,PinState,GPIO_Label
PB13.Mode=Full_Duplex_Master
ADC2.Rank-0\#ChannelRegularConversion=1
SPI1.BaudRatePrescaler=SPI_BAUDRATEPRESCALER_4
PA4.GPIO_Label=SD_CS
ProjectManager.CustomerFirmwarePackage=
PA8.PinState=GPIO_PIN_SET
PB3.Locked=true
PA3.Signal=GPXTI3
PA5.Mode=Full_Duplex_Master
VP_RTC_VS_RTC_Activate.Signal=RTC_VS_RTC_Activate
RCC.PLLSourceVirtual=RCC_PLLSOURCE_HSE
SH.S_TIM4_CH1.ConfNb=1
SH.GPXTI5.0=GPIO_EXTI5
ProjectManager.ProjectFileName=F103C8_Electronic_load.ioc
ADC1.Rank-0\#ChannelRegularConversion=1
PA7.Mode=Full_Duplex_Master
PD1-OSC_OUT.Mode=HSE-External-Oscillator
TIM4.CounterMode=TIM_COUNTERMODE_UP
PA15.GPIOParameters=GPIO_Label
Mcu.PinsNb=28
ProjectManager.NoMain=false
SPI1.IPParameters=VirtualType,Mode,Direction,BaudRatePrescaler,CalculateBaudRate
ADC1.IPParameters=Rank-0\#ChannelRegularConversion,master,Channel-0\#ChannelRegularConversion,SamplingTime-0\#ChannelRegularConversion,NbrOfConversionFlag,ContinuousConvMode,NbrOfConversion
ProjectManager.DefaultFWLocation=true
TIM4.IC2Filter=6
PD0-OSC_IN.Signal=RCC_OSC_IN
PB12.Locked=true
ProjectManager.DeletePrevious=true
RCC.APB1CLKDivider=RCC_HCLK_DIV2
PB10.Locked=true
SH.S_TIM2_CH1_ETR.ConfNb=1
RCC.FamilyName=M
PA0-WKUP.GPIO_Label=I
PA0-WKUP.Signal=ADCx_IN0
PA3.GPIO_ModeDefaultEXTI=GPIO_MODE_IT_RISING_FALLING
PB0.GPIO_Speed=GPIO_SPEED_FREQ_HIGH
RCC.ADCPresc=RCC_ADCPCLK2_DIV8
FATFS.IPParameters=_USE_LFN
PA13.Signal=SYS_JTMS-SWDIO
PA8.GPIO_Label=LDAC 
ADC2.ContinuousConvMode=ENABLE
ProjectManager.TargetToolchain=STM32CubeIDE
TIM4.IPParameters=Period,IC1Filter,IC2Filter,CounterMode
PB10.GPIO_Label=CLK
ADC2.IPParameters=Rank-0\#ChannelRegularConversion,Channel-0\#ChannelRegularConversion,SamplingTime-0\#ChannelRegularConversion,NbrOfConversionFlag,ContinuousConvMode
PB2.GPIOParameters=GPIO_Speed,GPIO_Label
PB5.Locked=true
SPI2.IPParameters=VirtualType,Mode,Direction,CalculateBaudRate,DataSize,BaudRatePrescaler
ProjectManager.RegisterCallBack=
RCC.USBFreq_Value=64000000
PA1.Signal=ADCx_IN1
PB12.GPIO_Speed=GPIO_SPEED_FREQ_HIGH
PB1.Locked=true
VP_FATFS_VS_Generic.Mode=User_defined
PD0-OSC_IN.Mode=HSE-External-Oscillator
PB10.Signal=GPIO_Output
PB14.Signal=SPI2_MISO
PA5.Signal=SPI1_SCK
board=custom
SH.GPXTI3.0=GPIO_EXTI3
ProjectManager.LastFirmware=true
PB15.Mode=Full_Duplex_Master
RCC.VCOOutput2Freq_Value=4000000
RCC.APB2Freq_Value=64000000
MxCube.Version=6.2.1
SPI1.Mode=SPI_MODE_MASTER
SH.ADCx_IN0.ConfNb=1
PA1.GPIO_Label=U
VP_SYS_VS_Systick.Mode=SysTick
NVIC.NonMaskableInt_IRQn=true\:0\:0\:false\:false\:true\:false\:false
PA4.GPIOParameters=GPIO_Label
TIM2.Period=2500
ADC1.NbrOfConversion=1
PA13.Mode=Trace_Asynchronous_SW
ProjectManager.FreePins=false
RCC.IPParameters=ADCFreqValue,ADCPresc,AHBFreq_Value,APB1CLKDivider,APB1Freq_Value,APB1TimFreq_Value,APB2Freq_Value,APB2TimFreq_Value,FCLKCortexFreq_Value,FamilyName,HCLKFreq_Value,HSEDivPLL,MCOFreq_Value,PLLCLKFreq_Value,PLLMCOFreq_Value,PLLMUL,PLLSourceVirtual,SYSCLKFreq_VALUE,SYSCLKSource,TimSysFreq_Value,USBFreq_Value,VCOOutput2Freq_Value
ProjectManager.AskForMigrate=true
Mcu.Name=STM32F103C(8-B)Tx
Mcu.Pin26=VP_RTC_VS_RTC_Activate
Mcu.Pin27=VP_SYS_VS_Systick
Mcu.Pin24=PB7
ProjectManager.UnderRoot=true
Mcu.Pin25=VP_FATFS_VS_Generic
PB2.Locked=true
Mcu.IP8=SYS
Mcu.IP9=TIM2
Mcu.IP6=SPI1
Mcu.IP7=SPI2
ProjectManager.CoupleFile=false
PB3.Signal=SYS_JTDO-TRACESWO
PA4.Signal=GPIO_Output
RCC.SYSCLKFreq_VALUE=64000000
PB5.Signal=GPXTI5
Mcu.Pin22=PB5
Mcu.Pin23=PB6
RCC.TimSysFreq_Value=64000000
Mcu.Pin20=PA15
ADC1.master=1
PA3.Locked=true
Mcu.Pin21=PB3
ADC2.NbrOfConversionFlag=1
NVIC.ForceEnableDMAVector=true
KeepUserPlacement=false
RCC.HSEDivPLL=RCC_HSE_PREDIV_DIV2
NVIC.MemoryManagement_IRQn=true\:0\:0\:false\:false\:true\:false\:false
ProjectManager.CompilerOptimize=6
SH.S_TIM2_CH1_ETR.0=TIM2_CH1,PWM Generation1 CH1
NVIC.EXTI9_5_IRQn=true\:0\:0\:false\:false\:true\:true\:true
PA14.Signal=SYS_JTCK-SWCLK
PB2.GPIO_Label=DIN
ProjectManager.HeapSize=0x200
Mcu.Pin15=PB14
NVIC.HardFault_IRQn=true\:0\:0\:false\:false\:true\:false\:false
Mcu.Pin16=PB15
Mcu.Pin13=PB12
Mcu.Pin14=PB13
Mcu.Pin19=PA14
ProjectManager.ComputerToolchain=false
Mcu.Pin17=PA8
Mcu.Pin18=PA13
NVIC.PriorityGroup=NVIC_PRIORITYGROUP_4
ADC1.NbrOfConversionFlag=1
Mcu.Pin11=PB2
Mcu.Pin12=PB10
Mcu.Pin10=PB1
SPI2.DataSize=SPI_DATASIZE_16BIT
NVIC.TIM4_IRQn=true\:0\:0\:false\:false\:true\:true\:true
RCC.APB1Freq_Value=32000000
PB0.Signal=GPIO_Output
ProjectManager.DeviceId=STM32F103C8Tx
PB12.GPIOParameters=GPIO_Speed,PinState,GPIO_Label
PB12.Signal=GPIO_Output
ProjectManager.LibraryCopy=1
PA3.GPIO_Label=SD_detected
PB1.GPIOParameters=GPIO_Speed,GPIO_Label
PA7.Signal=SPI1_MOSI
isbadioc=false
